
Microsoft Visual Studio Solution File, Format Version 12.00
# Visual Studio Version 16
VisualStudioVersion = 16.0.31729.503
MinimumVisualStudioVersion = 10.0.40219.1
Project("{FAE04EC0-301F-11D3-BF4B-00C04F79EFBC}") = "AppVetorExercicio02", "AppVetorExercicio02.csproj", "{3253F0F2-55DD-4051-B33A-D5D40E683CA4}"
EndProject
Global
	GlobalSection(SolutionConfigurationPlatforms) = preSolution
		Debug|Any CPU = Debug|Any CPU
		Release|Any CPU = Release|Any CPU
	EndGlobalSection
	GlobalSection(ProjectConfigurationPlatforms) = postSolution
		{3253F0F2-55DD-4051-B33A-D5D40E683CA4}.Debug|Any CPU.ActiveCfg = Debug|Any CPU
		{3253F0F2-55DD-4051-B33A-D5D40E683CA4}.Debug|Any CPU.Build.0 = Debug|Any CPU
		{3253F0F2-55DD-4051-B33A-D5D40E683CA4}.Release|Any CPU.ActiveCfg = Release|Any CPU
		{3253F0F2-55DD-4051-B33A-D5D40E683CA4}.Release|Any CPU.Build.0 = Release|Any CPU
	EndGlobalSection
	GlobalSection(SolutionProperties) = preSolution
		HideSolutionNode = FALSE
	EndGlobalSection
	GlobalSection(ExtensibilityGlobals) = postSolution
		SolutionGuid = {767F81D4-F541-475B-B64E-AC075AEE95BE}
	EndGlobalSection
EndGlobal
